
Microsoft Visual Studio Solution File, Format Version 12.00
# Visual Studio Version 16
VisualStudioVersion = 16.0.30128.74
MinimumVisualStudioVersion = 10.0.40219.1
Project("{9A19103F-16F7-4668-BE54-9A1E7A4F7556}") = "WebApplication1", "WebApplication1\WebApplication1.csproj", "{5DEAD282-2AA8-44AA-A387-385F9F8F044F}"
EndProject
Project("{9A19103F-16F7-4668-BE54-9A1E7A4F7556}") = "Components", "Components\Components.csproj", "{2BB0BA20-BA99-447F-9986-5104A7963921}"
EndProject
Global
	GlobalSection(SolutionConfigurationPlatforms) = preSolution
		Debug|Any CPU = Debug|Any CPU
		Release|Any CPU = Release|Any CPU
	EndGlobalSection
	GlobalSection(ProjectConfigurationPlatforms) = postSolution
		{5DEAD282-2AA8-44AA-A387-385F9F8F044F}.Debug|Any CPU.ActiveCfg = Debug|Any CPU
		{5DEAD282-2AA8-44AA-A387-385F9F8F044F}.Debug|Any CPU.Build.0 = Debug|Any CPU
		{5DEAD282-2AA8-44AA-A387-385F9F8F044F}.Release|Any CPU.ActiveCfg = Release|Any CPU
		{5DEAD282-2AA8-44AA-A387-385F9F8F044F}.Release|Any CPU.Build.0 = Release|Any CPU
		{2BB0BA20-BA99-447F-9986-5104A7963921}.Debug|Any CPU.ActiveCfg = Debug|Any CPU
		{2BB0BA20-BA99-447F-9986-5104A7963921}.Debug|Any CPU.Build.0 = Debug|Any CPU
		{2BB0BA20-BA99-447F-9986-5104A7963921}.Release|Any CPU.ActiveCfg = Release|Any CPU
		{2BB0BA20-BA99-447F-9986-5104A7963921}.Release|Any CPU.Build.0 = Release|Any CPU
	EndGlobalSection
	GlobalSection(SolutionProperties) = preSolution
		HideSolutionNode = FALSE
	EndGlobalSection
	GlobalSection(ExtensibilityGlobals) = postSolution
		SolutionGuid = {02B97722-FABA-403B-907C-DA3C72F63741}
	EndGlobalSection
EndGlobal
